<Solution>
  <Project Path="dcenter.client/dcenter.client.esproj">
    <Build />
    <Deploy />
  </Project>
  <Project Path="DCenter.Server/DCenter.Server.csproj" />
  <Project Path="DCenter.Server.Tests/DCenter.Server.Tests.csproj" />
  <Project Path="DCenter.Server.IntegrationTests/DCenter.Server.IntegrationTests.csproj" />
</Solution>
